{
  "name": "grovewatch-viewer",
  "version": "0.1.0",
  "lockfileVersion": 3,
  "requires": true,
  "packages": {
    "": {
      "name": "grovewatch-viewer",
      "version": "0.1.0",
      "license": "MIT",
      "devDependencies": {
        "typescript": "^5.8.0"
      }
    },
    "node_modules/typescript": {
